
Microsoft Visual Studio Solution File, Format Version 12.00
# Visual Studio Version 17
Project("{8BC9CEB8-8B4A-11D0-8D11-00A0C91BC942}") = "ALL_BUILD", "ALL_BUILD.vcxproj", "{D0E37CEB-AD69-3676-A982-023C1C43B81B}"
	ProjectSection(ProjectDependencies) = postProject
		{B87E8308-A688-3150-9AB3-5EEEBEDF7067} = {B87E8308-A688-3150-9AB3-5EEEBEDF7067}
		{015B4625-9A26-3028-BED6-EACDFDA48734} = {015B4625-9A26-3028-BED6-EACDFDA48734}
		{B22F3B49-9BB4-305D-AEA7-1C277F09A0CE} = {B22F3B49-9BB4-305D-AEA7-1C277F09A0CE}
	EndProjectSection
EndProject
Project("{8BC9CEB8-8B4A-11D0-8D11-00A0C91BC942}") = "Engine", "Engine\Engine.vcxproj", "{B87E8308-A688-3150-9AB3-5EEEBEDF7067}"
	ProjectSection(ProjectDependencies) = postProject
		{B22F3B49-9BB4-305D-AEA7-1C277F09A0CE} = {B22F3B49-9BB4-305D-AEA7-1C277F09A0CE}
	EndProjectSection
EndProject
Project("{8BC9CEB8-8B4A-11D0-8D11-00A0C91BC942}") = "Game", "Game\Game.vcxproj", "{015B4625-9A26-3028-BED6-EACDFDA48734}"
	ProjectSection(ProjectDependencies) = postProject
		{B87E8308-A688-3150-9AB3-5EEEBEDF7067} = {B87E8308-A688-3150-9AB3-5EEEBEDF7067}
		{B22F3B49-9BB4-305D-AEA7-1C277F09A0CE} = {B22F3B49-9BB4-305D-AEA7-1C277F09A0CE}
	EndProjectSection
EndProject
Project("{8BC9CEB8-8B4A-11D0-8D11-00A0C91BC942}") = "INSTALL", "INSTALL.vcxproj", "{5F6C9E88-FEE2-36B6-BB9C-E8AAF05B8C5D}"
	ProjectSection(ProjectDependencies) = postProject
		{D0E37CEB-AD69-3676-A982-023C1C43B81B} = {D0E37CEB-AD69-3676-A982-023C1C43B81B}
		{B22F3B49-9BB4-305D-AEA7-1C277F09A0CE} = {B22F3B49-9BB4-305D-AEA7-1C277F09A0CE}
	EndProjectSection
EndProject
Project("{8BC9CEB8-8B4A-11D0-8D11-00A0C91BC942}") = "PACKAGE", "PACKAGE.vcxproj", "{EB3B6260-FD4A-3C6B-A1E7-637B25E539A5}"
	ProjectSection(ProjectDependencies) = postProject
		{D0E37CEB-AD69-3676-A982-023C1C43B81B} = {D0E37CEB-AD69-3676-A982-023C1C43B81B}
		{B22F3B49-9BB4-305D-AEA7-1C277F09A0CE} = {B22F3B49-9BB4-305D-AEA7-1C277F09A0CE}
	EndProjectSection
EndProject
Project("{8BC9CEB8-8B4A-11D0-8D11-00A0C91BC942}") = "ZERO_CHECK", "ZERO_CHECK.vcxproj", "{B22F3B49-9BB4-305D-AEA7-1C277F09A0CE}"
	ProjectSection(ProjectDependencies) = postProject
	EndProjectSection
EndProject
Global
	GlobalSection(SolutionConfigurationPlatforms) = preSolution
		Debug|x64 = Debug|x64
		Release|x64 = Release|x64
		MinSizeRel|x64 = MinSizeRel|x64
		RelWithDebInfo|x64 = RelWithDebInfo|x64
	EndGlobalSection
	GlobalSection(ProjectConfigurationPlatforms) = postSolution
		{D0E37CEB-AD69-3676-A982-023C1C43B81B}.Debug|x64.ActiveCfg = Debug|x64
		{D0E37CEB-AD69-3676-A982-023C1C43B81B}.Debug|x64.Build.0 = Debug|x64
		{D0E37CEB-AD69-3676-A982-023C1C43B81B}.Release|x64.ActiveCfg = Release|x64
		{D0E37CEB-AD69-3676-A982-023C1C43B81B}.Release|x64.Build.0 = Release|x64
		{D0E37CEB-AD69-3676-A982-023C1C43B81B}.MinSizeRel|x64.ActiveCfg = MinSizeRel|x64
		{D0E37CEB-AD69-3676-A982-023C1C43B81B}.MinSizeRel|x64.Build.0 = MinSizeRel|x64
		{D0E37CEB-AD69-3676-A982-023C1C43B81B}.RelWithDebInfo|x64.ActiveCfg = RelWithDebInfo|x64
		{D0E37CEB-AD69-3676-A982-023C1C43B81B}.RelWithDebInfo|x64.Build.0 = RelWithDebInfo|x64
		{B87E8308-A688-3150-9AB3-5EEEBEDF7067}.Debug|x64.ActiveCfg = Debug|x64
		{B87E8308-A688-3150-9AB3-5EEEBEDF7067}.Debug|x64.Build.0 = Debug|x64
		{B87E8308-A688-3150-9AB3-5EEEBEDF7067}.Release|x64.ActiveCfg = Release|x64
		{B87E8308-A688-3150-9AB3-5EEEBEDF7067}.Release|x64.Build.0 = Release|x64
		{B87E8308-A688-3150-9AB3-5EEEBEDF7067}.MinSizeRel|x64.ActiveCfg = MinSizeRel|x64
		{B87E8308-A688-3150-9AB3-5EEEBEDF7067}.MinSizeRel|x64.Build.0 = MinSizeRel|x64
		{B87E8308-A688-3150-9AB3-5EEEBEDF7067}.RelWithDebInfo|x64.ActiveCfg = RelWithDebInfo|x64
		{B87E8308-A688-3150-9AB3-5EEEBEDF7067}.RelWithDebInfo|x64.Build.0 = RelWithDebInfo|x64
		{015B4625-9A26-3028-BED6-EACDFDA48734}.Debug|x64.ActiveCfg = Debug|x64
		{015B4625-9A26-3028-BED6-EACDFDA48734}.Debug|x64.Build.0 = Debug|x64
		{015B4625-9A26-3028-BED6-EACDFDA48734}.Release|x64.ActiveCfg = Release|x64
		{015B4625-9A26-3028-BED6-EACDFDA48734}.Release|x64.Build.0 = Release|x64
		{015B4625-9A26-3028-BED6-EACDFDA48734}.MinSizeRel|x64.ActiveCfg = MinSizeRel|x64
		{015B4625-9A26-3028-BED6-EACDFDA48734}.MinSizeRel|x64.Build.0 = MinSizeRel|x64
		{015B4625-9A26-3028-BED6-EACDFDA48734}.RelWithDebInfo|x64.ActiveCfg = RelWithDebInfo|x64
		{015B4625-9A26-3028-BED6-EACDFDA48734}.RelWithDebInfo|x64.Build.0 = RelWithDebInfo|x64
		{5F6C9E88-FEE2-36B6-BB9C-E8AAF05B8C5D}.Debug|x64.ActiveCfg = Debug|x64
		{5F6C9E88-FEE2-36B6-BB9C-E8AAF05B8C5D}.Release|x64.ActiveCfg = Release|x64
		{5F6C9E88-FEE2-36B6-BB9C-E8AAF05B8C5D}.MinSizeRel|x64.ActiveCfg = MinSizeRel|x64
		{5F6C9E88-FEE2-36B6-BB9C-E8AAF05B8C5D}.RelWithDebInfo|x64.ActiveCfg = RelWithDebInfo|x64
		{EB3B6260-FD4A-3C6B-A1E7-637B25E539A5}.Debug|x64.ActiveCfg = Debug|x64
		{EB3B6260-FD4A-3C6B-A1E7-637B25E539A5}.Release|x64.ActiveCfg = Release|x64
		{EB3B6260-FD4A-3C6B-A1E7-637B25E539A5}.MinSizeRel|x64.ActiveCfg = MinSizeRel|x64
		{EB3B6260-FD4A-3C6B-A1E7-637B25E539A5}.RelWithDebInfo|x64.ActiveCfg = RelWithDebInfo|x64
		{B22F3B49-9BB4-305D-AEA7-1C277F09A0CE}.Debug|x64.ActiveCfg = Debug|x64
		{B22F3B49-9BB4-305D-AEA7-1C277F09A0CE}.Debug|x64.Build.0 = Debug|x64
		{B22F3B49-9BB4-305D-AEA7-1C277F09A0CE}.Release|x64.ActiveCfg = Release|x64
		{B22F3B49-9BB4-305D-AEA7-1C277F09A0CE}.Release|x64.Build.0 = Release|x64
		{B22F3B49-9BB4-305D-AEA7-1C277F09A0CE}.MinSizeRel|x64.ActiveCfg = MinSizeRel|x64
		{B22F3B49-9BB4-305D-AEA7-1C277F09A0CE}.MinSizeRel|x64.Build.0 = MinSizeRel|x64
		{B22F3B49-9BB4-305D-AEA7-1C277F09A0CE}.RelWithDebInfo|x64.ActiveCfg = RelWithDebInfo|x64
		{B22F3B49-9BB4-305D-AEA7-1C277F09A0CE}.RelWithDebInfo|x64.Build.0 = RelWithDebInfo|x64
	EndGlobalSection
	GlobalSection(ExtensibilityGlobals) = postSolution
		SolutionGuid = {DCC7A65B-827B-3846-8E2D-9F72F0EE361E}
	EndGlobalSection
	GlobalSection(ExtensibilityAddIns) = postSolution
	EndGlobalSection
EndGlobal
