
Microsoft Visual Studio Solution File, Format Version 12.00
# Visual Studio Version 17
Project("{8BC9CEB8-8B4A-11D0-8D11-00A0C91BC942}") = "Game", "Game\Game.vcxproj", "{AF4B68DC-CB63-3EB8-8C34-86B612C41CCD}"
	ProjectSection(ProjectDependencies) = postProject
		{5EB3DA76-7326-3CE9-AED3-7A9160A67B04} = {5EB3DA76-7326-3CE9-AED3-7A9160A67B04}
		{4F58E70D-3728-3A10-B2F4-2F8ED56C2A50} = {4F58E70D-3728-3A10-B2F4-2F8ED56C2A50}
	EndProjectSection
EndProject
Project("{8BC9CEB8-8B4A-11D0-8D11-00A0C91BC942}") = "ALL_BUILD", "ALL_BUILD.vcxproj", "{82D63527-D75A-3253-8544-92417D70DFD8}"
	ProjectSection(ProjectDependencies) = postProject
		{5EB3DA76-7326-3CE9-AED3-7A9160A67B04} = {5EB3DA76-7326-3CE9-AED3-7A9160A67B04}
		{AF4B68DC-CB63-3EB8-8C34-86B612C41CCD} = {AF4B68DC-CB63-3EB8-8C34-86B612C41CCD}
		{4F58E70D-3728-3A10-B2F4-2F8ED56C2A50} = {4F58E70D-3728-3A10-B2F4-2F8ED56C2A50}
	EndProjectSection
EndProject
Project("{8BC9CEB8-8B4A-11D0-8D11-00A0C91BC942}") = "Engine", "Engine\Engine.vcxproj", "{5EB3DA76-7326-3CE9-AED3-7A9160A67B04}"
	ProjectSection(ProjectDependencies) = postProject
		{4F58E70D-3728-3A10-B2F4-2F8ED56C2A50} = {4F58E70D-3728-3A10-B2F4-2F8ED56C2A50}
	EndProjectSection
EndProject
Project("{8BC9CEB8-8B4A-11D0-8D11-00A0C91BC942}") = "INSTALL", "INSTALL.vcxproj", "{E24F2F3C-E99F-3063-A924-E602C84F048C}"
	ProjectSection(ProjectDependencies) = postProject
		{82D63527-D75A-3253-8544-92417D70DFD8} = {82D63527-D75A-3253-8544-92417D70DFD8}
		{4F58E70D-3728-3A10-B2F4-2F8ED56C2A50} = {4F58E70D-3728-3A10-B2F4-2F8ED56C2A50}
	EndProjectSection
EndProject
Project("{8BC9CEB8-8B4A-11D0-8D11-00A0C91BC942}") = "PACKAGE", "PACKAGE.vcxproj", "{6ED64FD3-4BCD-352E-AA73-8D8910733A18}"
	ProjectSection(ProjectDependencies) = postProject
		{82D63527-D75A-3253-8544-92417D70DFD8} = {82D63527-D75A-3253-8544-92417D70DFD8}
		{4F58E70D-3728-3A10-B2F4-2F8ED56C2A50} = {4F58E70D-3728-3A10-B2F4-2F8ED56C2A50}
	EndProjectSection
EndProject
Project("{8BC9CEB8-8B4A-11D0-8D11-00A0C91BC942}") = "ZERO_CHECK", "ZERO_CHECK.vcxproj", "{4F58E70D-3728-3A10-B2F4-2F8ED56C2A50}"
	ProjectSection(ProjectDependencies) = postProject
	EndProjectSection
EndProject
Global
	GlobalSection(SolutionConfigurationPlatforms) = preSolution
		Debug|x64 = Debug|x64
		Release|x64 = Release|x64
		MinSizeRel|x64 = MinSizeRel|x64
		RelWithDebInfo|x64 = RelWithDebInfo|x64
	EndGlobalSection
	GlobalSection(ProjectConfigurationPlatforms) = postSolution
		{AF4B68DC-CB63-3EB8-8C34-86B612C41CCD}.Debug|x64.ActiveCfg = Debug|x64
		{AF4B68DC-CB63-3EB8-8C34-86B612C41CCD}.Debug|x64.Build.0 = Debug|x64
		{AF4B68DC-CB63-3EB8-8C34-86B612C41CCD}.Release|x64.ActiveCfg = Release|x64
		{AF4B68DC-CB63-3EB8-8C34-86B612C41CCD}.Release|x64.Build.0 = Release|x64
		{AF4B68DC-CB63-3EB8-8C34-86B612C41CCD}.MinSizeRel|x64.ActiveCfg = MinSizeRel|x64
		{AF4B68DC-CB63-3EB8-8C34-86B612C41CCD}.MinSizeRel|x64.Build.0 = MinSizeRel|x64
		{AF4B68DC-CB63-3EB8-8C34-86B612C41CCD}.RelWithDebInfo|x64.ActiveCfg = RelWithDebInfo|x64
		{AF4B68DC-CB63-3EB8-8C34-86B612C41CCD}.RelWithDebInfo|x64.Build.0 = RelWithDebInfo|x64
		{82D63527-D75A-3253-8544-92417D70DFD8}.Debug|x64.ActiveCfg = Debug|x64
		{82D63527-D75A-3253-8544-92417D70DFD8}.Debug|x64.Build.0 = Debug|x64
		{82D63527-D75A-3253-8544-92417D70DFD8}.Release|x64.ActiveCfg = Release|x64
		{82D63527-D75A-3253-8544-92417D70DFD8}.Release|x64.Build.0 = Release|x64
		{82D63527-D75A-3253-8544-92417D70DFD8}.MinSizeRel|x64.ActiveCfg = MinSizeRel|x64
		{82D63527-D75A-3253-8544-92417D70DFD8}.MinSizeRel|x64.Build.0 = MinSizeRel|x64
		{82D63527-D75A-3253-8544-92417D70DFD8}.RelWithDebInfo|x64.ActiveCfg = RelWithDebInfo|x64
		{82D63527-D75A-3253-8544-92417D70DFD8}.RelWithDebInfo|x64.Build.0 = RelWithDebInfo|x64
		{5EB3DA76-7326-3CE9-AED3-7A9160A67B04}.Debug|x64.ActiveCfg = Debug|x64
		{5EB3DA76-7326-3CE9-AED3-7A9160A67B04}.Debug|x64.Build.0 = Debug|x64
		{5EB3DA76-7326-3CE9-AED3-7A9160A67B04}.Release|x64.ActiveCfg = Release|x64
		{5EB3DA76-7326-3CE9-AED3-7A9160A67B04}.Release|x64.Build.0 = Release|x64
		{5EB3DA76-7326-3CE9-AED3-7A9160A67B04}.MinSizeRel|x64.ActiveCfg = MinSizeRel|x64
		{5EB3DA76-7326-3CE9-AED3-7A9160A67B04}.MinSizeRel|x64.Build.0 = MinSizeRel|x64
		{5EB3DA76-7326-3CE9-AED3-7A9160A67B04}.RelWithDebInfo|x64.ActiveCfg = RelWithDebInfo|x64
		{5EB3DA76-7326-3CE9-AED3-7A9160A67B04}.RelWithDebInfo|x64.Build.0 = RelWithDebInfo|x64
		{E24F2F3C-E99F-3063-A924-E602C84F048C}.Debug|x64.ActiveCfg = Debug|x64
		{E24F2F3C-E99F-3063-A924-E602C84F048C}.Release|x64.ActiveCfg = Release|x64
		{E24F2F3C-E99F-3063-A924-E602C84F048C}.MinSizeRel|x64.ActiveCfg = MinSizeRel|x64
		{E24F2F3C-E99F-3063-A924-E602C84F048C}.RelWithDebInfo|x64.ActiveCfg = RelWithDebInfo|x64
		{6ED64FD3-4BCD-352E-AA73-8D8910733A18}.Debug|x64.ActiveCfg = Debug|x64
		{6ED64FD3-4BCD-352E-AA73-8D8910733A18}.Release|x64.ActiveCfg = Release|x64
		{6ED64FD3-4BCD-352E-AA73-8D8910733A18}.MinSizeRel|x64.ActiveCfg = MinSizeRel|x64
		{6ED64FD3-4BCD-352E-AA73-8D8910733A18}.RelWithDebInfo|x64.ActiveCfg = RelWithDebInfo|x64
		{4F58E70D-3728-3A10-B2F4-2F8ED56C2A50}.Debug|x64.ActiveCfg = Debug|x64
		{4F58E70D-3728-3A10-B2F4-2F8ED56C2A50}.Debug|x64.Build.0 = Debug|x64
		{4F58E70D-3728-3A10-B2F4-2F8ED56C2A50}.Release|x64.ActiveCfg = Release|x64
		{4F58E70D-3728-3A10-B2F4-2F8ED56C2A50}.Release|x64.Build.0 = Release|x64
		{4F58E70D-3728-3A10-B2F4-2F8ED56C2A50}.MinSizeRel|x64.ActiveCfg = MinSizeRel|x64
		{4F58E70D-3728-3A10-B2F4-2F8ED56C2A50}.MinSizeRel|x64.Build.0 = MinSizeRel|x64
		{4F58E70D-3728-3A10-B2F4-2F8ED56C2A50}.RelWithDebInfo|x64.ActiveCfg = RelWithDebInfo|x64
		{4F58E70D-3728-3A10-B2F4-2F8ED56C2A50}.RelWithDebInfo|x64.Build.0 = RelWithDebInfo|x64
	EndGlobalSection
	GlobalSection(ExtensibilityGlobals) = postSolution
		SolutionGuid = {7B09FBFE-E17E-3B09-A6DD-95FA9CBD9D65}
	EndGlobalSection
	GlobalSection(ExtensibilityAddIns) = postSolution
	EndGlobalSection
EndGlobal
